github.com/amitkumardube/CRUD v1.0.0 h1:pQ1AhgTW45fx2eYEbIx0KZoe1h5pfJvvNnyZq2VbmRQ=
github.com/amitkumardube/CRUD v1.0.0/go.mod h1:5bADpgOLaUWMl/iYzRo4Ex2o2Jy2aIlyXTdheNOrv6s=
github.com/amitkumardube/CRUD v1.0.1 h1:Ia6FV+2T9cVh0Kq5ajhRfSxuHKLn/0y0vmlo2zdtj38=
github.com/amitkumardube/CRUD v1.0.1/go.mod h1:5bADpgOLaUWMl/iYzRo4Ex2o2Jy2aIlyXTdheNOrv6s=
